{
  "object": {
    "pins": [
      {
        "package": "AXSwift",
        "repositoryURL": "https://github.com/tmandry/AXSwift",
        "state": {
          "branch": null,
          "revision": "81dcc36aced905d6464cc25e35f8d13184bbf21c",
          "version": "0.3.2"
        }
      },
      {
        "package": "KeyboardShortcuts",
        "repositoryURL": "https://github.com/sindresorhus/KeyboardShortcuts",
        "state": {
          "branch": null,
          "revision": "9bc72c441c713362a137ecbb4104920655a9aa5e",
          "version": "1.4.0"
        }
      }
    ]
  },
  "version": 1
}
